// !$*UTF8*$!
{
	archiveVersion = 1;
	classes = {
	};
	objectVersion = 46;
	objects = {

/* Begin PBXBuildFile section */
		08DDB48F19410336007121F0 /* AppDelegate.swift in Sources */ = {isa = PBXBuildFile; fileRef = 08DDB48E19410336007121F0 /* AppDelegate.swift */; };
		08DDB49119410336007121F0 /* Images.xcassets in Resources */ = {isa = PBXBuildFile; fileRef = 08DDB49019410336007121F0 /* Images.xcassets */; };
		08DDB49D19410336007121F0 /* UICollectionView_SwiftTests.swift in Sources */ = {isa = PBXBuildFile; fileRef = 08DDB49C19410336007121F0 /* UICollectionView_SwiftTests.swift */; };
		08DDB4A719410349007121F0 /* ViewController.swift in Sources */ = {isa = PBXBuildFile; fileRef = 08DDB4A619410349007121F0 /* ViewController.swift */; };
		9AAFC20F19F88D15006CA329 /* CustomCollectionViewCell.swift in Sources */ = {isa = PBXBuildFile; fileRef = 9AAFC20E19F88D15006CA329 /* CustomCollectionViewCell.swift */; };
		9AAFC21119F88D4B006CA329 /* CardView.swift in Sources */ = {isa = PBXBuildFile; fileRef = 9AAFC21019F88D4B006CA329 /* CardView.swift */; };
/* End PBXBuildFile section */

/* Begin PBXContainerItemProxy section */
		08DDB49719410336007121F0 /* PBXContainerItemProxy */ = {
			isa = PBXContainerItemProxy;
			containerPortal = 08DDB48119410336007121F0 /* Project object */;
			proxyType = 1;
			remoteGlobalIDString = 08DDB48819410336007121F0;
			remoteInfo = "UICollectionView-Swift";
		};
/* End PBXContainerItemProxy section */

/* Begin PBXFileReference section */
		08DDB48919410336007121F0 /* UICollectionView-Swift.app */ = {isa = PBXFileReference; explicitFileType = wrapper.application; includeInIndex = 0; path = "UICollectionView-Swift.app"; sourceTree = BUILT_PRODUCTS_DIR; };
		08DDB48D19410336007121F0 /* Info.plist */ = {isa = PBXFileReference; lastKnownFileType = text.plist.xml; path = Info.plist; sourceTree = "<group>"; };
		08DDB48E19410336007121F0 /* AppDelegate.swift */ = {isa = PBXFileReference; lastKnownFileType = sourcecode.swift; path = AppDelegate.swift; sourceTree = "<group>"; };
		08DDB49019410336007121F0 /* Images.xcassets */ = {isa = PBXFileReference; lastKnownFileType = folder.assetcatalog; path = Images.xcassets; sourceTree = "<group>"; };
		08DDB49619410336007121F0 /* UICollectionView-SwiftTests.xctest */ = {isa = PBXFileReference; explicitFileType = wrapper.cfbundle; includeInIndex = 0; path = "UICollectionView-SwiftTests.xctest"; sourceTree = BUILT_PRODUCTS_DIR; };
		08DDB49B19410336007121F0 /* Info.plist */ = {isa = PBXFileReference; lastKnownFileType = text.plist.xml; path = Info.plist; sourceTree = "<group>"; };
		08DDB49C19410336007121F0 /* UICollectionView_SwiftTests.swift */ = {isa = PBXFileReference; lastKnownFileType = sourcecode.swift; path = UICollectionView_SwiftTests.swift; sourceTree = "<group>"; };
		08DDB4A619410349007121F0 /* ViewController.swift */ = {isa = PBXFileReference; fileEncoding = 4; lastKnownFileType = sourcecode.swift; path = ViewController.swift; sourceTree = "<group>"; };
		9AAFC20E19F88D15006CA329 /* CustomCollectionViewCell.swift */ = {isa = PBXFileReference; fileEncoding = 4; lastKnownFileType = sourcecode.swift; path = CustomCollectionViewCell.swift; sourceTree = "<group>"; };
		9AAFC21019F88D4B006CA329 /* CardView.swift */ = {isa = PBXFileReference; fileEncoding = 4; lastKnownFileType = sourcecode.swift; path = CardView.swift; sourceTree = "<group>"; };
/* End PBXFileReference section */

/* Begin PBXFrameworksBuildPhase section */
		08DDB48619410336007121F0 /* Frameworks */ = {
			isa = PBXFrameworksBuildPhase;
			buildActionMask = 2147483647;
			files = (
			);
			runOnlyForDeploymentPostprocessing = 0;
		};
		08DDB49319410336007121F0 /* Frameworks */ = {
			isa = PBXFrameworksBuildPhase;
			buildActionMask = 2147483647;
			files = (
			);
			runOnlyForDeploymentPostprocessing = 0;
		};
/* End PBXFrameworksBuildPhase section */

/* Begin PBXGroup section */
		08DDB48019410336007121F0 = {
			isa = PBXGroup;
			children = (
				08DDB48B19410336007121F0 /* UICollectionView-Swift */,
				08DDB49919410336007121F0 /* UICollectionView-SwiftTests */,
				08DDB48A19410336007121F0 /* Products */,
			);
			sourceTree = "<group>";
		};
		08DDB48A19410336007121F0 /* Products */ = {
			isa = PBXGroup;
			children = (
				08DDB48919410336007121F0 /* UICollectionView-Swift.app */,
				08DDB49619410336007121F0 /* UICollectionView-SwiftTests.xctest */,
			);
			name = Products;
			sourceTree = "<group>";
		};
		08DDB48B19410336007121F0 /* UICollectionView-Swift */ = {
			isa = PBXGroup;
			children = (
				08DDB48E19410336007121F0 /* AppDelegate.swift */,
				9AAFC21019F88D4B006CA329 /* CardView.swift */,
				9AAFC20E19F88D15006CA329 /* CustomCollectionViewCell.swift */,
				08DDB4A619410349007121F0 /* ViewController.swift */,
				08DDB49019410336007121F0 /* Images.xcassets */,
				08DDB48C19410336007121F0 /* Supporting Files */,
			);
			path = "UICollectionView-Swift";
			sourceTree = "<group>";
		};
		08DDB48C19410336007121F0 /* Supporting Files */ = {
			isa = PBXGroup;
			children = (
				08DDB48D19410336007121F0 /* Info.plist */,
			);
			name = "Supporting Files";
			sourceTree = "<group>";
		};
		08DDB49919410336007121F0 /* UICollectionView-SwiftTests */ = {
			isa = PBXGroup;
			children = (
				08DDB49C19410336007121F0 /* UICollectionView_SwiftTests.swift */,
				08DDB49A19410336007121F0 /* Supporting Files */,
			);
			path = "UICollectionView-SwiftTests";
			sourceTree = "<group>";
		};
		08DDB49A19410336007121F0 /* Supporting Files */ = {
			isa = PBXGroup;
			children = (
				08DDB49B19410336007121F0 /* Info.plist */,
			);
			name = "Supporting Files";
			sourceTree = "<group>";
		};
/* End PBXGroup section */

/* Begin PBXNativeTarget section */
		08DDB48819410336007121F0 /* UICollectionView-Swift */ = {
			isa = PBXNativeTarget;
			buildConfigurationList = 08DDB4A019410336007121F0 /* Build configuration list for PBXNativeTarget "UICollectionView-Swift" */;
			buildPhases = (
				08DDB48519410336007121F0 /* Sources */,
				08DDB48619410336007121F0 /* Frameworks */,
				08DDB48719410336007121F0 /* Resources */,
			);
			buildRules = (
			);
			dependencies = (
			);
			name = "UICollectionView-Swift";
			productName = "UICollectionView-Swift";
			productReference = 08DDB48919410336007121F0 /* UICollectionView-Swift.app */;
			productType = "com.apple.product-type.application";
		};
		08DDB49519410336007121F0 /* UICollectionView-SwiftTests */ = {
			isa = PBXNativeTarget;
			buildConfigurationList = 08DDB4A319410336007121F0 /* Build configuration list for PBXNativeTarget "UICollectionView-SwiftTests" */;
			buildPhases = (
				08DDB49219410336007121F0 /* Sources */,
				08DDB49319410336007121F0 /* Frameworks */,
				08DDB49419410336007121F0 /* Resources */,
			);
			buildRules = (
			);
			dependencies = (
				08DDB49819410336007121F0 /* PBXTargetDependency */,
			);
			name = "UICollectionView-SwiftTests";
			productName = "UICollectionView-SwiftTests";
			productReference = 08DDB49619410336007121F0 /* UICollectionView-SwiftTests.xctest */;
			productType = "com.apple.product-type.bundle.unit-test";
		};
/* End PBXNativeTarget section */

/* Begin PBXProject section */
		08DDB48119410336007121F0 /* Project object */ = {
			isa = PBXProject;
			attributes = {
				LastSwiftMigration = 0710;
				LastSwiftUpdateCheck = 0710;
				LastUpgradeCheck = 0710;
				ORGANIZATIONNAME = Gazolla;
				TargetAttributes = {
					08DDB48819410336007121F0 = {
						CreatedOnToolsVersion = 6.0;
					};
					08DDB49519410336007121F0 = {
						CreatedOnToolsVersion = 6.0;
						TestTargetID = 08DDB48819410336007121F0;
					};
				};
			};
			buildConfigurationList = 08DDB48419410336007121F0 /* Build configuration list for PBXProject "UICollectionView-Swift" */;
			compatibilityVersion = "Xcode 3.2";
			developmentRegion = English;
			hasScannedForEncodings = 0;
			knownRegions = (
				en,
			);
			mainGroup = 08DDB48019410336007121F0;
			productRefGroup = 08DDB48A19410336007121F0 /* Products */;
			projectDirPath = "";
			projectRoot = "";
			targets = (
				08DDB48819410336007121F0 /* UICollectionView-Swift */,
				08DDB49519410336007121F0 /* UICollectionView-SwiftTests */,
			);
		};
/* End PBXProject section */

/* Begin PBXResourcesBuildPhase section */
		08DDB48719410336007121F0 /* Resources */ = {
			isa = PBXResourcesBuildPhase;
			buildActionMask = 2147483647;
			files = (
				08DDB49119410336007121F0 /* Images.xcassets in Resources */,
			);
			runOnlyForDeploymentPostprocessing = 0;
		};
		08DDB49419410336007121F0 /* Resources */ = {
			isa = PBXResourcesBuildPhase;
			buildActionMask = 2147483647;
			files = (
			);
			runOnlyForDeploymentPostprocessing = 0;
		};
/* End PBXResourcesBuildPhase section */

/* Begin PBXSourcesBuildPhase section */
		08DDB48519410336007121F0 /* Sources */ = {
			isa = PBXSourcesBuildPhase;
			buildActionMask = 2147483647;
			files = (
				08DDB4A719410349007121F0 /* ViewController.swift in Sources */,
				9AAFC20F19F88D15006CA329 /* CustomCollectionViewCell.swift in Sources */,
				9AAFC21119F88D4B006CA329 /* CardView.swift in Sources */,
				08DDB48F19410336007121F0 /* AppDelegate.swift in Sources */,
			);
			runOnlyForDeploymentPostprocessing = 0;
		};
		08DDB49219410336007121F0 /* Sources */ = {
			isa = PBXSourcesBuildPhase;
			buildActionMask = 2147483647;
			files = (
				08DDB49D19410336007121F0 /* UICollectionView_SwiftTests.swift in Sources */,
			);
			runOnlyForDeploymentPostprocessing = 0;
		};
/* End PBXSourcesBuildPhase section */

/* Begin PBXTargetDependency section */
		08DDB49819410336007121F0 /* PBXTargetDependency */ = {
			isa = PBXTargetDependency;
			target = 08DDB48819410336007121F0 /* UICollectionView-Swift */;
			targetProxy = 08DDB49719410336007121F0 /* PBXContainerItemProxy */;
		};
/* End PBXTargetDependency section */

/* Begin XCBuildConfiguration section */
		08DDB49E19410336007121F0 /* Debug */ = {
			isa = XCBuildConfiguration;
			buildSettings = {
				ALWAYS_SEARCH_USER_PATHS = NO;
				CLANG_CXX_LANGUAGE_STANDARD = "gnu++0x";
				CLANG_CXX_LIBRARY = "libc++";
				CLANG_ENABLE_MODULES = YES;
				CLANG_ENABLE_OBJC_ARC = YES;
				CLANG_WARN_BOOL_CONVERSION = YES;
				CLANG_WARN_CONSTANT_CONVERSION = YES;
				CLANG_WARN_DIRECT_OBJC_ISA_USAGE = YES_ERROR;
				CLANG_WARN_EMPTY_BODY = YES;
				CLANG_WARN_ENUM_CONVERSION = YES;
				CLANG_WARN_INT_CONVERSION = YES;
				CLANG_WARN_OBJC_ROOT_CLASS = YES_ERROR;
				CLANG_WARN_UNREACHABLE_CODE = YES;
				CLANG_WARN__DUPLICATE_METHOD_MATCH = YES;
				"CODE_SIGN_IDENTITY[sdk=iphoneos*]" = "iPhone Developer";
				COPY_PHASE_STRIP = NO;
				ENABLE_STRICT_OBJC_MSGSEND = YES;
				ENABLE_TESTABILITY = YES;
				GCC_C_LANGUAGE_STANDARD = gnu99;
				GCC_DYNAMIC_NO_PIC = NO;
				GCC_OPTIMIZATION_LEVEL = 0;
				GCC_PREPROCESSOR_DEFINITIONS = (
					"DEBUG=1",
					"$(inherited)",
				);
				GCC_SYMBOLS_PRIVATE_EXTERN = NO;
				GCC_WARN_64_TO_32_BIT_CONVERSION = YES;
				GCC_WARN_ABOUT_RETURN_TYPE = YES_ERROR;
				GCC_WARN_UNDECLARED_SELECTOR = YES;
				GCC_WARN_UNINITIALIZED_AUTOS = YES_AGGRESSIVE;
				GCC_WARN_UNUSED_FUNCTION = YES;
				GCC_WARN_UNUSED_VARIABLE = YES;
				IPHONEOS_DEPLOYMENT_TARGET = 8.0;
				METAL_ENABLE_DEBUG_INFO = YES;
				ONLY_ACTIVE_ARCH = YES;
				SDKROOT = iphoneos;
				SWIFT_OPTIMIZATION_LEVEL = "-Onone";
				TARGETED_DEVICE_FAMILY = "1,2";
			};
			name = Debug;
		};
		08DDB49F19410336007121F0 /* Release */ = {
			isa = XCBuildConfiguration;
			buildSettings = {
				ALWAYS_SEARCH_USER_PATHS = NO;
				CLANG_CXX_LANGUAGE_STANDARD = "gnu++0x";
				CLANG_CXX_LIBRARY = "libc++";
				CLANG_ENABLE_MODULES = YES;
				CLANG_ENABLE_OBJC_ARC = YES;
				CLANG_WARN_BOOL_CONVERSION = YES;
				CLANG_WARN_CONSTANT_CONVERSION = YES;
				CLANG_WARN_DIRECT_OBJC_ISA_USAGE = YES_ERROR;
				CLANG_WARN_EMPTY_BODY = YES;
				CLANG_WARN_ENUM_CONVERSION = YES;
				CLANG_WARN_INT_CONVERSION = YES;
				CLANG_WARN_OBJC_ROOT_CLASS = YES_ERROR;
				CLANG_WARN_UNREACHABLE_CODE = YES;
				CLANG_WARN__DUPLICATE_METHOD_MATCH = YES;
				"CODE_SIGN_IDENTITY[sdk=iphoneos*]" = "iPhone Developer";
				COPY_PHASE_STRIP = YES;
				ENABLE_NS_ASSERTIONS = NO;
				ENABLE_STRICT_OBJC_MSGSEND = YES;
				GCC_C_LANGUAGE_STANDARD = gnu99;
				GCC_WARN_64_TO_32_BIT_CONVERSION = YES;
				GCC_WARN_ABOUT_RETURN_TYPE = YES_ERROR;
				GCC_WARN_UNDECLARED_SELECTOR = YES;
				GCC_WARN_UNINITIALIZED_AUTOS = YES_AGGRESSIVE;
				GCC_WARN_UNUSED_FUNCTION = YES;
				GCC_WARN_UNUSED_VARIABLE = YES;
				IPHONEOS_DEPLOYMENT_TARGET = 8.0;
				METAL_ENABLE_DEBUG_INFO = NO;
				SDKROOT = iphoneos;
				TARGETED_DEVICE_FAMILY = "1,2";
				VALIDATE_PRODUCT = YES;
			};
			name = Release;
		};
		08DDB4A119410336007121F0 /* Debug */ = {
			isa = XCBuildConfiguration;
			buildSettings = {
				ASSETCATALOG_COMPILER_APPICON_NAME = AppIcon;
				ASSETCATALOG_COMPILER_LAUNCHIMAGE_NAME = LaunchImage;
				CODE_SIGN_IDENTITY = "iPhone Developer";
				INFOPLIST_FILE = "UICollectionView-Swift/Info.plist";
				LD_RUNPATH_SEARCH_PATHS = "$(inherited) @executable_path/Frameworks";
				PRODUCT_BUNDLE_IDENTIFIER = "com.gazapps.${PRODUCT_NAME:rfc1034identifier}";
				PRODUCT_NAME = "$(TARGET_NAME)";
			};
			name = Debug;
		};
		08DDB4A219410336007121F0 /* Release */ = {
			isa = XCBuildConfiguration;
			buildSettings = {
				ASSETCATALOG_COMPILER_APPICON_NAME = AppIcon;
				ASSETCATALOG_COMPILER_LAUNCHIMAGE_NAME = LaunchImage;
				CODE_SIGN_IDENTITY = "iPhone Developer";
				INFOPLIST_FILE = "UICollectionView-Swift/Info.plist";
				LD_RUNPATH_SEARCH_PATHS = "$(inherited) @executable_path/Frameworks";
				PRODUCT_BUNDLE_IDENTIFIER = "com.gazapps.${PRODUCT_NAME:rfc1034identifier}";
				PRODUCT_NAME = "$(TARGET_NAME)";
			};
			name = Release;
		};
		08DDB4A419410336007121F0 /* Debug */ = {
			isa = XCBuildConfiguration;
			buildSettings = {
				BUNDLE_LOADER = "$(BUILT_PRODUCTS_DIR)/UICollectionView-Swift.app/UICollectionView-Swift";
				FRAMEWORK_SEARCH_PATHS = (
					"$(SDKROOT)/Developer/Library/Frameworks",
					"$(inherited)",
				);
				GCC_PREPROCESSOR_DEFINITIONS = (
					"DEBUG=1",
					"$(inherited)",
				);
				INFOPLIST_FILE = "UICollectionView-SwiftTests/Info.plist";
				LD_RUNPATH_SEARCH_PATHS = "$(inherited) @executable_path/Frameworks @loader_path/Frameworks";
				METAL_ENABLE_DEBUG_INFO = YES;
				PRODUCT_BUNDLE_IDENTIFIER = "com.gazapps.${PRODUCT_NAME:rfc1034identifier}";
				PRODUCT_NAME = "$(TARGET_NAME)";
				TEST_HOST = "$(BUNDLE_LOADER)";
			};
			name = Debug;
		};
		08DDB4A519410336007121F0 /* Release */ = {
			isa = XCBuildConfiguration;
			buildSettings = {
				BUNDLE_LOADER = "$(BUILT_PRODUCTS_DIR)/UICollectionView-Swift.app/UICollectionView-Swift";
				FRAMEWORK_SEARCH_PATHS = (
					"$(SDKROOT)/Developer/Library/Frameworks",
					"$(inherited)",
				);
				INFOPLIST_FILE = "UICollectionView-SwiftTests/Info.plist";
				LD_RUNPATH_SEARCH_PATHS = "$(inherited) @executable_path/Frameworks @loader_path/Frameworks";
				METAL_ENABLE_DEBUG_INFO = NO;
				PRODUCT_BUNDLE_IDENTIFIER = "com.gazapps.${PRODUCT_NAME:rfc1034identifier}";
				PRODUCT_NAME = "$(TARGET_NAME)";
				TEST_HOST = "$(BUNDLE_LOADER)";
			};
			name = Release;
		};
/* End XCBuildConfiguration section */

/* Begin XCConfigurationList section */
		08DDB48419410336007121F0 /* Build configuration list for PBXProject "UICollectionView-Swift" */ = {
			isa = XCConfigurationList;
			buildConfigurations = (
				08DDB49E19410336007121F0 /* Debug */,
				08DDB49F19410336007121F0 /* Release */,
			);
			defaultConfigurationIsVisible = 0;
			defaultConfigurationName = Release;
		};
		08DDB4A019410336007121F0 /* Build configuration list for PBXNativeTarget "UICollectionView-Swift" */ = {
			isa = XCConfigurationList;
			buildConfigurations = (
				08DDB4A119410336007121F0 /* Debug */,
				08DDB4A219410336007121F0 /* Release */,
			);
			defaultConfigurationIsVisible = 0;
			defaultConfigurationName = Release;
		};
		08DDB4A319410336007121F0 /* Build configuration list for PBXNativeTarget "UICollectionView-SwiftTests" */ = {
			isa = XCConfigurationList;
			buildConfigurations = (
				08DDB4A419410336007121F0 /* Debug */,
				08DDB4A519410336007121F0 /* Release */,
			);
			defaultConfigurationIsVisible = 0;
			defaultConfigurationName = Release;
		};
/* End XCConfigurationList section */
	};
	rootObject = 08DDB48119410336007121F0 /* Project object */;
}
